
Microsoft Visual Studio Solution File, Format Version 12.00
# Visual Studio Version 17
VisualStudioVersion = 17.7.34018.315
MinimumVisualStudioVersion = 10.0.40219.1
Project("{FAE04EC0-301F-11D3-BF4B-00C04F79EFBC}") = "eTickets", "eTickets\eTickets.csproj", "{ED15DD88-3EF1-4E1F-AC91-C3B4C6F07AE3}"
EndProject
Global
	GlobalSection(SolutionConfigurationPlatforms) = preSolution
		Debug|Any CPU = Debug|Any CPU
		Release|Any CPU = Release|Any CPU
	EndGlobalSection
	GlobalSection(ProjectConfigurationPlatforms) = postSolution
		{ED15DD88-3EF1-4E1F-AC91-C3B4C6F07AE3}.Debug|Any CPU.ActiveCfg = Debug|Any CPU
		{ED15DD88-3EF1-4E1F-AC91-C3B4C6F07AE3}.Debug|Any CPU.Build.0 = Debug|Any CPU
		{ED15DD88-3EF1-4E1F-AC91-C3B4C6F07AE3}.Release|Any CPU.ActiveCfg = Release|Any CPU
		{ED15DD88-3EF1-4E1F-AC91-C3B4C6F07AE3}.Release|Any CPU.Build.0 = Release|Any CPU
	EndGlobalSection
	GlobalSection(SolutionProperties) = preSolution
		HideSolutionNode = FALSE
	EndGlobalSection
	GlobalSection(ExtensibilityGlobals) = postSolution
		SolutionGuid = {9B4067C8-6155-40C9-889A-2C23F8146000}
	EndGlobalSection
EndGlobal
